
Microsoft Visual Studio Solution File, Format Version 12.00
# Visual Studio Version 17
VisualStudioVersion = 17.14.36811.4 d17.14
MinimumVisualStudioVersion = 10.0.40219.1
Project("{FAE04EC0-301F-11D3-BF4B-00C04F79EFBC}") = "DoctorDepartment", "DoctorDepartment\DoctorDepartment.csproj", "{DF443369-E152-4689-8163-D45B49F5815A}"
EndProject
Global
	GlobalSection(SolutionConfigurationPlatforms) = preSolution
		Debug|Any CPU = Debug|Any CPU
		Release|Any CPU = Release|Any CPU
	EndGlobalSection
	GlobalSection(ProjectConfigurationPlatforms) = postSolution
		{DF443369-E152-4689-8163-D45B49F5815A}.Debug|Any CPU.ActiveCfg = Debug|Any CPU
		{DF443369-E152-4689-8163-D45B49F5815A}.Debug|Any CPU.Build.0 = Debug|Any CPU
		{DF443369-E152-4689-8163-D45B49F5815A}.Release|Any CPU.ActiveCfg = Release|Any CPU
		{DF443369-E152-4689-8163-D45B49F5815A}.Release|Any CPU.Build.0 = Release|Any CPU
	EndGlobalSection
	GlobalSection(SolutionProperties) = preSolution
		HideSolutionNode = FALSE
	EndGlobalSection
	GlobalSection(ExtensibilityGlobals) = postSolution
		SolutionGuid = {FDF25A7F-1107-4FCD-8F5C-8267A5E27C1B}
	EndGlobalSection
EndGlobal
